
Microsoft Visual Studio Solution File, Format Version 12.00
# Visual Studio Version 17
VisualStudioVersion = 17.0.32112.339
MinimumVisualStudioVersion = 10.0.40219.1
Project("{FAE04EC0-301F-11D3-BF4B-00C04F79EFBC}") = "FlipCoinCombination", "FlipCoinCombination.csproj", "{F9FAA659-F052-4CD5-9A1D-0E80A3F175DA}"
EndProject
Global
	GlobalSection(SolutionConfigurationPlatforms) = preSolution
		Debug|Any CPU = Debug|Any CPU
		Release|Any CPU = Release|Any CPU
	EndGlobalSection
	GlobalSection(ProjectConfigurationPlatforms) = postSolution
		{F9FAA659-F052-4CD5-9A1D-0E80A3F175DA}.Debug|Any CPU.ActiveCfg = Debug|Any CPU
		{F9FAA659-F052-4CD5-9A1D-0E80A3F175DA}.Debug|Any CPU.Build.0 = Debug|Any CPU
		{F9FAA659-F052-4CD5-9A1D-0E80A3F175DA}.Release|Any CPU.ActiveCfg = Release|Any CPU
		{F9FAA659-F052-4CD5-9A1D-0E80A3F175DA}.Release|Any CPU.Build.0 = Release|Any CPU
	EndGlobalSection
	GlobalSection(SolutionProperties) = preSolution
		HideSolutionNode = FALSE
	EndGlobalSection
	GlobalSection(ExtensibilityGlobals) = postSolution
		SolutionGuid = {52B96421-54A4-4D57-9E89-CACA4E1E7263}
	EndGlobalSection
EndGlobal
